{
  "name": "quasar-todo",
  "version": "0.0.1",
  "lockfileVersion": 1,
  "requires": true,
  "dependencies": {
    "@quasar/extras": {
      "version": "1.8.1",
      "resolved": "https://registry.npmjs.org/@quasar/extras/-/extras-1.8.1.tgz",
      "integrity": "sha512-/97QHzCrOjye/5OifzD+bTfzzT8FxGlzNvCDYauzobzcV/W0HGeSag2FYNlnA+7Ok6zXWJyk3houhb5NckIOGw=="
    },
    "quasar": {
      "version": "1.11.3",
      "resolved": "https://registry.npmjs.org/quasar/-/quasar-1.11.3.tgz",
      "integrity": "sha512-ZlWNn7nfo7dgh8pmhdYB5Jn9Sv/mFsYfoY0K/hYrCE/mJq2ZYWHTVCAFqbp1MEirbSz4RcRXu5kMa+sf/v/uAg=="
    }
  }
}
